
Microsoft Visual Studio Solution File, Format Version 12.00
# Visual Studio Version 16
VisualStudioVersion = 16.0.30406.217
MinimumVisualStudioVersion = 10.0.40219.1
Project("{FAE04EC0-301F-11D3-BF4B-00C04F79EFBC}") = "yahtzee", "yahtzee\yahtzee.csproj", "{D68596FC-DDAF-4E0F-946F-7AAA30CDE977}"
EndProject
Global
	GlobalSection(SolutionConfigurationPlatforms) = preSolution
		Debug|Any CPU = Debug|Any CPU
		Release|Any CPU = Release|Any CPU
	EndGlobalSection
	GlobalSection(ProjectConfigurationPlatforms) = postSolution
		{D68596FC-DDAF-4E0F-946F-7AAA30CDE977}.Debug|Any CPU.ActiveCfg = Debug|Any CPU
		{D68596FC-DDAF-4E0F-946F-7AAA30CDE977}.Debug|Any CPU.Build.0 = Debug|Any CPU
		{D68596FC-DDAF-4E0F-946F-7AAA30CDE977}.Release|Any CPU.ActiveCfg = Release|Any CPU
		{D68596FC-DDAF-4E0F-946F-7AAA30CDE977}.Release|Any CPU.Build.0 = Release|Any CPU
	EndGlobalSection
	GlobalSection(SolutionProperties) = preSolution
		HideSolutionNode = FALSE
	EndGlobalSection
	GlobalSection(ExtensibilityGlobals) = postSolution
		SolutionGuid = {90F6927B-906B-4DD6-B8C3-5E8757366ECC}
	EndGlobalSection
EndGlobal
